
Microsoft Visual Studio Solution File, Format Version 12.00
# Visual Studio 2015
Project("{FAE04EC0-301F-11D3-BF4B-00C04F79EFBC}") = "Tactical Overlords.CSharp", "Tactical Overlords.CSharp.csproj", "{23B2B883-9038-9CC2-61C7-FFA52B532ACC}"
EndProject
Project("{FAE04EC0-301F-11D3-BF4B-00C04F79EFBC}") = "GameLogic", "GameLogic\GameLogic.csproj", "{057A392E-70CB-4CD6-9BFC-BC13EDCD0AC4}"
EndProject
Global
	GlobalSection(SolutionConfigurationPlatforms) = preSolution
		Debug|Any CPU = Debug|Any CPU
		Release|Any CPU = Release|Any CPU
	EndGlobalSection
	GlobalSection(ProjectConfigurationPlatforms) = postSolution
		{23B2B883-9038-9CC2-61C7-FFA52B532ACC}.Debug|Any CPU.ActiveCfg = Debug|Any CPU
		{23B2B883-9038-9CC2-61C7-FFA52B532ACC}.Debug|Any CPU.Build.0 = Debug|Any CPU
		{23B2B883-9038-9CC2-61C7-FFA52B532ACC}.Release|Any CPU.ActiveCfg = Release|Any CPU
		{23B2B883-9038-9CC2-61C7-FFA52B532ACC}.Release|Any CPU.Build.0 = Release|Any CPU
		{057A392E-70CB-4CD6-9BFC-BC13EDCD0AC4}.Debug|Any CPU.ActiveCfg = Debug|Any CPU
		{057A392E-70CB-4CD6-9BFC-BC13EDCD0AC4}.Debug|Any CPU.Build.0 = Debug|Any CPU
		{057A392E-70CB-4CD6-9BFC-BC13EDCD0AC4}.Release|Any CPU.ActiveCfg = Release|Any CPU
		{057A392E-70CB-4CD6-9BFC-BC13EDCD0AC4}.Release|Any CPU.Build.0 = Release|Any CPU
	EndGlobalSection
	GlobalSection(SolutionProperties) = preSolution
		HideSolutionNode = FALSE
	EndGlobalSection
EndGlobal
